
Microsoft Visual Studio Solution File, Format Version 12.00
# Visual Studio 15
VisualStudioVersion = 15.0.27703.2000
MinimumVisualStudioVersion = 10.0.40219.1
Project("{FAE04EC0-301F-11D3-BF4B-00C04F79EFBC}") = "StartWebApi", "StartWebApi\StartWebApi.csproj", "{31036161-0BFE-4979-8E6B-33B46DD83CB0}"
EndProject
Global
	GlobalSection(SolutionConfigurationPlatforms) = preSolution
		Debug|Any CPU = Debug|Any CPU
		Release|Any CPU = Release|Any CPU
	EndGlobalSection
	GlobalSection(ProjectConfigurationPlatforms) = postSolution
		{31036161-0BFE-4979-8E6B-33B46DD83CB0}.Debug|Any CPU.ActiveCfg = Debug|Any CPU
		{31036161-0BFE-4979-8E6B-33B46DD83CB0}.Debug|Any CPU.Build.0 = Debug|Any CPU
		{31036161-0BFE-4979-8E6B-33B46DD83CB0}.Release|Any CPU.ActiveCfg = Release|Any CPU
		{31036161-0BFE-4979-8E6B-33B46DD83CB0}.Release|Any CPU.Build.0 = Release|Any CPU
	EndGlobalSection
	GlobalSection(SolutionProperties) = preSolution
		HideSolutionNode = FALSE
	EndGlobalSection
	GlobalSection(ExtensibilityGlobals) = postSolution
		SolutionGuid = {0B04C948-D8CE-4179-9588-43069B946BDB}
	EndGlobalSection
EndGlobal
